
Microsoft Visual Studio Solution File, Format Version 12.00
# Visual Studio Version 16
VisualStudioVersion = 16.0.32228.343
MinimumVisualStudioVersion = 10.0.40219.1
Project("{F184B08F-C81C-45F6-A57F-5ABD9991F28F}") = "WebApplication3", "WebApplication3\WebApplication3.vbproj", "{A6BDA627-A477-4D76-A5CD-06618E6C2411}"
EndProject
Global
	GlobalSection(SolutionConfigurationPlatforms) = preSolution
		Debug|Any CPU = Debug|Any CPU
		Release|Any CPU = Release|Any CPU
	EndGlobalSection
	GlobalSection(ProjectConfigurationPlatforms) = postSolution
		{A6BDA627-A477-4D76-A5CD-06618E6C2411}.Debug|Any CPU.ActiveCfg = Debug|Any CPU
		{A6BDA627-A477-4D76-A5CD-06618E6C2411}.Debug|Any CPU.Build.0 = Debug|Any CPU
		{A6BDA627-A477-4D76-A5CD-06618E6C2411}.Release|Any CPU.ActiveCfg = Release|Any CPU
		{A6BDA627-A477-4D76-A5CD-06618E6C2411}.Release|Any CPU.Build.0 = Release|Any CPU
	EndGlobalSection
	GlobalSection(SolutionProperties) = preSolution
		HideSolutionNode = FALSE
	EndGlobalSection
	GlobalSection(ExtensibilityGlobals) = postSolution
		SolutionGuid = {E5B7E35D-890A-4873-95E3-A6109BDA6E4C}
	EndGlobalSection
EndGlobal
